
Microsoft Visual Studio Solution File, Format Version 12.00
Project("{2150E333-8FDC-42A3-9474-1A3956D46DE8}") = "src", "src", "{65DE819D-5C24-4F1D-BA05-EA10026C86D2}"
EndProject
Project("{FAE04EC0-301F-11D3-BF4B-00C04F79EFBC}") = "AuctionService", "src\AuctionService\AuctionService.csproj", "{B540584C-5337-446C-ACDD-7356644F406D}"
EndProject
Project("{FAE04EC0-301F-11D3-BF4B-00C04F79EFBC}") = "SearchService", "src\SearchService\SearchService.csproj", "{CF00796E-95B1-43FD-AD16-F648A452BD9D}"
EndProject
Project("{FAE04EC0-301F-11D3-BF4B-00C04F79EFBC}") = "Contracts", "src\Contracts\Contracts.csproj", "{5A9A2764-8624-41CC-A8FB-3C075E537DE6}"
EndProject
Project("{FAE04EC0-301F-11D3-BF4B-00C04F79EFBC}") = "IdentityService", "src\IdentityService\IdentityService.csproj", "{70E49BCB-52A6-47E8-997E-AAAE32E0AED6}"
EndProject
Global
	GlobalSection(SolutionConfigurationPlatforms) = preSolution
		Debug|Any CPU = Debug|Any CPU
		Release|Any CPU = Release|Any CPU
	EndGlobalSection
	GlobalSection(NestedProjects) = preSolution
		{B540584C-5337-446C-ACDD-7356644F406D} = {65DE819D-5C24-4F1D-BA05-EA10026C86D2}
		{CF00796E-95B1-43FD-AD16-F648A452BD9D} = {65DE819D-5C24-4F1D-BA05-EA10026C86D2}
		{5A9A2764-8624-41CC-A8FB-3C075E537DE6} = {65DE819D-5C24-4F1D-BA05-EA10026C86D2}
		{70E49BCB-52A6-47E8-997E-AAAE32E0AED6} = {65DE819D-5C24-4F1D-BA05-EA10026C86D2}
	EndGlobalSection
	GlobalSection(ProjectConfigurationPlatforms) = postSolution
		{B540584C-5337-446C-ACDD-7356644F406D}.Debug|Any CPU.ActiveCfg = Debug|Any CPU
		{B540584C-5337-446C-ACDD-7356644F406D}.Debug|Any CPU.Build.0 = Debug|Any CPU
		{B540584C-5337-446C-ACDD-7356644F406D}.Release|Any CPU.ActiveCfg = Release|Any CPU
		{B540584C-5337-446C-ACDD-7356644F406D}.Release|Any CPU.Build.0 = Release|Any CPU
		{CF00796E-95B1-43FD-AD16-F648A452BD9D}.Debug|Any CPU.ActiveCfg = Debug|Any CPU
		{CF00796E-95B1-43FD-AD16-F648A452BD9D}.Debug|Any CPU.Build.0 = Debug|Any CPU
		{CF00796E-95B1-43FD-AD16-F648A452BD9D}.Release|Any CPU.ActiveCfg = Release|Any CPU
		{CF00796E-95B1-43FD-AD16-F648A452BD9D}.Release|Any CPU.Build.0 = Release|Any CPU
		{5A9A2764-8624-41CC-A8FB-3C075E537DE6}.Debug|Any CPU.ActiveCfg = Debug|Any CPU
		{5A9A2764-8624-41CC-A8FB-3C075E537DE6}.Debug|Any CPU.Build.0 = Debug|Any CPU
		{5A9A2764-8624-41CC-A8FB-3C075E537DE6}.Release|Any CPU.ActiveCfg = Release|Any CPU
		{5A9A2764-8624-41CC-A8FB-3C075E537DE6}.Release|Any CPU.Build.0 = Release|Any CPU
		{70E49BCB-52A6-47E8-997E-AAAE32E0AED6}.Debug|Any CPU.ActiveCfg = Debug|Any CPU
		{70E49BCB-52A6-47E8-997E-AAAE32E0AED6}.Debug|Any CPU.Build.0 = Debug|Any CPU
		{70E49BCB-52A6-47E8-997E-AAAE32E0AED6}.Release|Any CPU.ActiveCfg = Release|Any CPU
		{70E49BCB-52A6-47E8-997E-AAAE32E0AED6}.Release|Any CPU.Build.0 = Release|Any CPU
	EndGlobalSection
EndGlobal
